[root]
name = "streets4rust"
version = "0.0.1"
dependencies = [
 "osmpbfreader 0.0.1 (git+https://github.com/TeXitoi/osmpbfreader-rs)",
]

[[package]]
name = "byteorder"
version = "0.3.5"
source = "registry+https://github.com/rust-lang/crates.io-index"

[[package]]
name = "flate2"
version = "0.2.6"
source = "registry+https://github.com/rust-lang/crates.io-index"
dependencies = [
 "libc 0.1.6 (registry+https://github.com/rust-lang/crates.io-index)",
 "miniz-sys 0.1.4 (registry+https://github.com/rust-lang/crates.io-index)",
]

[[package]]
name = "gcc"
version = "0.3.4"
source = "registry+https://github.com/rust-lang/crates.io-index"

[[package]]
name = "libc"
version = "0.1.6"
source = "registry+https://github.com/rust-lang/crates.io-index"

[[package]]
name = "miniz-sys"
version = "0.1.4"
source = "registry+https://github.com/rust-lang/crates.io-index"
dependencies = [
 "gcc 0.3.4 (registry+https://github.com/rust-lang/crates.io-index)",
 "libc 0.1.6 (registry+https://github.com/rust-lang/crates.io-index)",
]

[[package]]
name = "osmpbfreader"
version = "0.0.1"
source = "git+https://github.com/TeXitoi/osmpbfreader-rs#18bb9c8c33a41aaa2e4d54720757d280c2daf2ba"
dependencies = [
 "byteorder 0.3.5 (registry+https://github.com/rust-lang/crates.io-index)",
 "flate2 0.2.6 (registry+https://github.com/rust-lang/crates.io-index)",
 "protobuf 0.0.9 (git+https://github.com/stepancheg/rust-protobuf.git)",
]

[[package]]
name = "protobuf"
version = "0.0.9"
source = "git+https://github.com/stepancheg/rust-protobuf.git#a0db737a931e08e4a81b3850fc7c92c8acd30a6a"

