[root]
name = "streets4rust"
version = "0.0.1"
dependencies = [
 "osmpbfreader 0.0.1 (git+https://github.com/TeXitoi/osmpbfreader-rs)",
]

[[package]]
name = "byteorder"
version = "0.3.3"
source = "registry+https://github.com/rust-lang/crates.io-index"

[[package]]
name = "flate2"
version = "0.2.3"
source = "registry+https://github.com/rust-lang/crates.io-index"
dependencies = [
 "libc 0.1.4 (registry+https://github.com/rust-lang/crates.io-index)",
 "miniz-sys 0.1.4 (registry+https://github.com/rust-lang/crates.io-index)",
]

[[package]]
name = "gcc"
version = "0.3.3"
source = "registry+https://github.com/rust-lang/crates.io-index"

[[package]]
name = "libc"
version = "0.1.4"
source = "registry+https://github.com/rust-lang/crates.io-index"

[[package]]
name = "miniz-sys"
version = "0.1.4"
source = "registry+https://github.com/rust-lang/crates.io-index"
dependencies = [
 "gcc 0.3.3 (registry+https://github.com/rust-lang/crates.io-index)",
 "libc 0.1.4 (registry+https://github.com/rust-lang/crates.io-index)",
]

[[package]]
name = "osmpbfreader"
version = "0.0.1"
source = "git+https://github.com/TeXitoi/osmpbfreader-rs#e24afaad19d2c27c53a1a4d0fd75261d3eff91ba"
dependencies = [
 "byteorder 0.3.3 (registry+https://github.com/rust-lang/crates.io-index)",
 "flate2 0.2.3 (registry+https://github.com/rust-lang/crates.io-index)",
 "protobuf 0.0.9 (git+https://github.com/stepancheg/rust-protobuf.git)",
]

[[package]]
name = "protobuf"
version = "0.0.9"
source = "git+https://github.com/stepancheg/rust-protobuf.git#5906c66e6803e63b57a575be4ba8fef580abd368"

